
Microsoft Visual Studio Solution File, Format Version 12.00
# Visual Studio Version 16
VisualStudioVersion = 16.0.29009.5
MinimumVisualStudioVersion = 10.0.40219.1
Project("{2150E333-8FDC-42A3-9474-1A3956D46DE8}") = "Services", "Services", "{6A67C71F-D7E9-418C-9261-2E0CACB98A76}"
EndProject
Project("{2150E333-8FDC-42A3-9474-1A3956D46DE8}") = "WebApps", "WebApps", "{C65B0AF6-50E5-4CC4-B87A-F620B88F0A8F}"
EndProject
Project("{2150E333-8FDC-42A3-9474-1A3956D46DE8}") = "Cadastros", "Cadastros", "{C9C9E359-BA44-47E4-AE1D-50F9A72B2CC8}"
EndProject
Project("{2150E333-8FDC-42A3-9474-1A3956D46DE8}") = "Catalogo", "Catalogo", "{5E0CD496-4A6E-4A32-B112-26E0A02BA5E5}"
EndProject
Project("{2150E333-8FDC-42A3-9474-1A3956D46DE8}") = "Core", "Core", "{E0D67B21-665A-4999-9A9D-6C63BD62D2F3}"
EndProject
Project("{2150E333-8FDC-42A3-9474-1A3956D46DE8}") = "Fiscal", "Fiscal", "{8B7DD8EC-A626-4204-B6CD-413717801E19}"
EndProject
Project("{2150E333-8FDC-42A3-9474-1A3956D46DE8}") = "Pagamentos", "Pagamentos", "{AF4404D1-939C-4C23-B0B3-E1F6CD0AB02D}"
EndProject
Project("{2150E333-8FDC-42A3-9474-1A3956D46DE8}") = "Vendas", "Vendas", "{341129F7-746A-4C09-90E6-4C76D812F463}"
EndProject
Project("{2150E333-8FDC-42A3-9474-1A3956D46DE8}") = "Tests", "Tests", "{04942D63-5E9E-484B-95F5-060538CAFEF4}"
EndProject
Project("{2150E333-8FDC-42A3-9474-1A3956D46DE8}") = "BuildingBlocks", "BuildingBlocks", "{5ABEC210-79FD-4153-9C5F-EE25BD6C4E35}"
EndProject
Project("{9A19103F-16F7-4668-BE54-9A1E7A4F7556}") = "EventSourcing", "src\EventSourcing\EventSourcing.csproj", "{7F016BAB-70D3-4D04-9D4E-6D3720F09298}"
EndProject
Project("{9A19103F-16F7-4668-BE54-9A1E7A4F7556}") = "Ecommerce.Catalogo.Domain.Tests", "tests\Ecommerce.Catalogo.Domain.Tests\Ecommerce.Catalogo.Domain.Tests.csproj", "{1E9E7161-F37F-404D-97B6-A435776A92F0}"
EndProject
Project("{9A19103F-16F7-4668-BE54-9A1E7A4F7556}") = "Ecommerce.Core", "src\Ecommerce.Core\Ecommerce.Core.csproj", "{0EC044EA-F8B3-496C-A9CD-407758BB3392}"
EndProject
Project("{9A19103F-16F7-4668-BE54-9A1E7A4F7556}") = "Ecommerce.Catalogo.Application", "src\Ecommerce.Catalogo.Application\Ecommerce.Catalogo.Application.csproj", "{061E796B-4AB2-427B-9C53-A69AA086ECC4}"
EndProject
Project("{9A19103F-16F7-4668-BE54-9A1E7A4F7556}") = "Ecommerce.Catalogo.Data", "src\Ecommerce.Catalogo.Data\Ecommerce.Catalogo.Data.csproj", "{5087EFE0-378E-4743-84F6-00E3E8286F70}"
EndProject
Project("{9A19103F-16F7-4668-BE54-9A1E7A4F7556}") = "Ecommerce.Catalogo.Domain", "src\Ecommerce.Catalogo.Domain\Ecommerce.Catalogo.Domain.csproj", "{1132E61F-3997-4710-9A41-76861F642714}"
EndProject
Project("{9A19103F-16F7-4668-BE54-9A1E7A4F7556}") = "Ecommerce.Pagamentos.AntiCorruption", "src\Ecommerce.Pagamentos.AntiCorruption\Ecommerce.Pagamentos.AntiCorruption.csproj", "{BE1B14FA-1F17-41BF-AA56-661AA4FD4CFD}"
EndProject
Project("{9A19103F-16F7-4668-BE54-9A1E7A4F7556}") = "Ecommerce.Pagamentos.Business", "src\Ecommerce.Pagamentos.Business\Ecommerce.Pagamentos.Business.csproj", "{A7108421-D5DF-4346-A68A-65FC292DFABA}"
EndProject
Project("{9A19103F-16F7-4668-BE54-9A1E7A4F7556}") = "Ecommerce.Pagamentos.Data", "src\Ecommerce.Pagamentos.Data\Ecommerce.Pagamentos.Data.csproj", "{5C3C820C-B554-4BE5-9A20-33F84D94C6DE}"
EndProject
Project("{9A19103F-16F7-4668-BE54-9A1E7A4F7556}") = "Ecommerce.Vendas.Application", "src\Ecommerce.Vendas.Application\Ecommerce.Vendas.Application.csproj", "{8D23DAB1-A660-48C2-8F24-9D90D26C04B4}"
EndProject
Project("{9A19103F-16F7-4668-BE54-9A1E7A4F7556}") = "Ecommerce.Vendas.Data", "src\Ecommerce.Vendas.Data\Ecommerce.Vendas.Data.csproj", "{CE565BDF-FCEE-42D9-967C-F3D45EBE73B2}"
EndProject
Project("{9A19103F-16F7-4668-BE54-9A1E7A4F7556}") = "Ecommerce.Vendas.Domain", "src\Ecommerce.Vendas.Domain\Ecommerce.Vendas.Domain.csproj", "{4880E91D-C0C5-42FF-B344-96D40AE4E9C3}"
EndProject
Project("{9A19103F-16F7-4668-BE54-9A1E7A4F7556}") = "Ecommerce.WebApp.MVC", "src\Ecommerce.WebApp.MVC\Ecommerce.WebApp.MVC.csproj", "{52ED8269-0120-4A4E-B61A-CB7B3CC861AF}"
EndProject
Global
	GlobalSection(SolutionConfigurationPlatforms) = preSolution
		Debug|Any CPU = Debug|Any CPU
		Release|Any CPU = Release|Any CPU
	EndGlobalSection
	GlobalSection(ProjectConfigurationPlatforms) = postSolution
		{7F016BAB-70D3-4D04-9D4E-6D3720F09298}.Debug|Any CPU.ActiveCfg = Debug|Any CPU
		{7F016BAB-70D3-4D04-9D4E-6D3720F09298}.Debug|Any CPU.Build.0 = Debug|Any CPU
		{7F016BAB-70D3-4D04-9D4E-6D3720F09298}.Release|Any CPU.ActiveCfg = Release|Any CPU
		{7F016BAB-70D3-4D04-9D4E-6D3720F09298}.Release|Any CPU.Build.0 = Release|Any CPU
		{1E9E7161-F37F-404D-97B6-A435776A92F0}.Debug|Any CPU.ActiveCfg = Debug|Any CPU
		{1E9E7161-F37F-404D-97B6-A435776A92F0}.Debug|Any CPU.Build.0 = Debug|Any CPU
		{1E9E7161-F37F-404D-97B6-A435776A92F0}.Release|Any CPU.ActiveCfg = Release|Any CPU
		{1E9E7161-F37F-404D-97B6-A435776A92F0}.Release|Any CPU.Build.0 = Release|Any CPU
		{0EC044EA-F8B3-496C-A9CD-407758BB3392}.Debug|Any CPU.ActiveCfg = Debug|Any CPU
		{0EC044EA-F8B3-496C-A9CD-407758BB3392}.Debug|Any CPU.Build.0 = Debug|Any CPU
		{0EC044EA-F8B3-496C-A9CD-407758BB3392}.Release|Any CPU.ActiveCfg = Release|Any CPU
		{0EC044EA-F8B3-496C-A9CD-407758BB3392}.Release|Any CPU.Build.0 = Release|Any CPU
		{061E796B-4AB2-427B-9C53-A69AA086ECC4}.Debug|Any CPU.ActiveCfg = Debug|Any CPU
		{061E796B-4AB2-427B-9C53-A69AA086ECC4}.Debug|Any CPU.Build.0 = Debug|Any CPU
		{061E796B-4AB2-427B-9C53-A69AA086ECC4}.Release|Any CPU.ActiveCfg = Release|Any CPU
		{061E796B-4AB2-427B-9C53-A69AA086ECC4}.Release|Any CPU.Build.0 = Release|Any CPU
		{5087EFE0-378E-4743-84F6-00E3E8286F70}.Debug|Any CPU.ActiveCfg = Debug|Any CPU
		{5087EFE0-378E-4743-84F6-00E3E8286F70}.Debug|Any CPU.Build.0 = Debug|Any CPU
		{5087EFE0-378E-4743-84F6-00E3E8286F70}.Release|Any CPU.ActiveCfg = Release|Any CPU
		{5087EFE0-378E-4743-84F6-00E3E8286F70}.Release|Any CPU.Build.0 = Release|Any CPU
		{1132E61F-3997-4710-9A41-76861F642714}.Debug|Any CPU.ActiveCfg = Debug|Any CPU
		{1132E61F-3997-4710-9A41-76861F642714}.Debug|Any CPU.Build.0 = Debug|Any CPU
		{1132E61F-3997-4710-9A41-76861F642714}.Release|Any CPU.ActiveCfg = Release|Any CPU
		{1132E61F-3997-4710-9A41-76861F642714}.Release|Any CPU.Build.0 = Release|Any CPU
		{BE1B14FA-1F17-41BF-AA56-661AA4FD4CFD}.Debug|Any CPU.ActiveCfg = Debug|Any CPU
		{BE1B14FA-1F17-41BF-AA56-661AA4FD4CFD}.Debug|Any CPU.Build.0 = Debug|Any CPU
		{BE1B14FA-1F17-41BF-AA56-661AA4FD4CFD}.Release|Any CPU.ActiveCfg = Release|Any CPU
		{BE1B14FA-1F17-41BF-AA56-661AA4FD4CFD}.Release|Any CPU.Build.0 = Release|Any CPU
		{A7108421-D5DF-4346-A68A-65FC292DFABA}.Debug|Any CPU.ActiveCfg = Debug|Any CPU
		{A7108421-D5DF-4346-A68A-65FC292DFABA}.Debug|Any CPU.Build.0 = Debug|Any CPU
		{A7108421-D5DF-4346-A68A-65FC292DFABA}.Release|Any CPU.ActiveCfg = Release|Any CPU
		{A7108421-D5DF-4346-A68A-65FC292DFABA}.Release|Any CPU.Build.0 = Release|Any CPU
		{5C3C820C-B554-4BE5-9A20-33F84D94C6DE}.Debug|Any CPU.ActiveCfg = Debug|Any CPU
		{5C3C820C-B554-4BE5-9A20-33F84D94C6DE}.Debug|Any CPU.Build.0 = Debug|Any CPU
		{5C3C820C-B554-4BE5-9A20-33F84D94C6DE}.Release|Any CPU.ActiveCfg = Release|Any CPU
		{5C3C820C-B554-4BE5-9A20-33F84D94C6DE}.Release|Any CPU.Build.0 = Release|Any CPU
		{8D23DAB1-A660-48C2-8F24-9D90D26C04B4}.Debug|Any CPU.ActiveCfg = Debug|Any CPU
		{8D23DAB1-A660-48C2-8F24-9D90D26C04B4}.Debug|Any CPU.Build.0 = Debug|Any CPU
		{8D23DAB1-A660-48C2-8F24-9D90D26C04B4}.Release|Any CPU.ActiveCfg = Release|Any CPU
		{8D23DAB1-A660-48C2-8F24-9D90D26C04B4}.Release|Any CPU.Build.0 = Release|Any CPU
		{CE565BDF-FCEE-42D9-967C-F3D45EBE73B2}.Debug|Any CPU.ActiveCfg = Debug|Any CPU
		{CE565BDF-FCEE-42D9-967C-F3D45EBE73B2}.Debug|Any CPU.Build.0 = Debug|Any CPU
		{CE565BDF-FCEE-42D9-967C-F3D45EBE73B2}.Release|Any CPU.ActiveCfg = Release|Any CPU
		{CE565BDF-FCEE-42D9-967C-F3D45EBE73B2}.Release|Any CPU.Build.0 = Release|Any CPU
		{4880E91D-C0C5-42FF-B344-96D40AE4E9C3}.Debug|Any CPU.ActiveCfg = Debug|Any CPU
		{4880E91D-C0C5-42FF-B344-96D40AE4E9C3}.Debug|Any CPU.Build.0 = Debug|Any CPU
		{4880E91D-C0C5-42FF-B344-96D40AE4E9C3}.Release|Any CPU.ActiveCfg = Release|Any CPU
		{4880E91D-C0C5-42FF-B344-96D40AE4E9C3}.Release|Any CPU.Build.0 = Release|Any CPU
		{52ED8269-0120-4A4E-B61A-CB7B3CC861AF}.Debug|Any CPU.ActiveCfg = Debug|Any CPU
		{52ED8269-0120-4A4E-B61A-CB7B3CC861AF}.Debug|Any CPU.Build.0 = Debug|Any CPU
		{52ED8269-0120-4A4E-B61A-CB7B3CC861AF}.Release|Any CPU.ActiveCfg = Release|Any CPU
		{52ED8269-0120-4A4E-B61A-CB7B3CC861AF}.Release|Any CPU.Build.0 = Release|Any CPU
	EndGlobalSection
	GlobalSection(SolutionProperties) = preSolution
		HideSolutionNode = FALSE
	EndGlobalSection
	GlobalSection(NestedProjects) = preSolution
		{C9C9E359-BA44-47E4-AE1D-50F9A72B2CC8} = {6A67C71F-D7E9-418C-9261-2E0CACB98A76}
		{5E0CD496-4A6E-4A32-B112-26E0A02BA5E5} = {6A67C71F-D7E9-418C-9261-2E0CACB98A76}
		{E0D67B21-665A-4999-9A9D-6C63BD62D2F3} = {6A67C71F-D7E9-418C-9261-2E0CACB98A76}
		{8B7DD8EC-A626-4204-B6CD-413717801E19} = {6A67C71F-D7E9-418C-9261-2E0CACB98A76}
		{AF4404D1-939C-4C23-B0B3-E1F6CD0AB02D} = {6A67C71F-D7E9-418C-9261-2E0CACB98A76}
		{341129F7-746A-4C09-90E6-4C76D812F463} = {6A67C71F-D7E9-418C-9261-2E0CACB98A76}
		{04942D63-5E9E-484B-95F5-060538CAFEF4} = {5E0CD496-4A6E-4A32-B112-26E0A02BA5E5}
		{7F016BAB-70D3-4D04-9D4E-6D3720F09298} = {5ABEC210-79FD-4153-9C5F-EE25BD6C4E35}
		{1E9E7161-F37F-404D-97B6-A435776A92F0} = {04942D63-5E9E-484B-95F5-060538CAFEF4}
		{0EC044EA-F8B3-496C-A9CD-407758BB3392} = {E0D67B21-665A-4999-9A9D-6C63BD62D2F3}
		{061E796B-4AB2-427B-9C53-A69AA086ECC4} = {5E0CD496-4A6E-4A32-B112-26E0A02BA5E5}
		{5087EFE0-378E-4743-84F6-00E3E8286F70} = {5E0CD496-4A6E-4A32-B112-26E0A02BA5E5}
		{1132E61F-3997-4710-9A41-76861F642714} = {5E0CD496-4A6E-4A32-B112-26E0A02BA5E5}
		{BE1B14FA-1F17-41BF-AA56-661AA4FD4CFD} = {AF4404D1-939C-4C23-B0B3-E1F6CD0AB02D}
		{A7108421-D5DF-4346-A68A-65FC292DFABA} = {AF4404D1-939C-4C23-B0B3-E1F6CD0AB02D}
		{5C3C820C-B554-4BE5-9A20-33F84D94C6DE} = {AF4404D1-939C-4C23-B0B3-E1F6CD0AB02D}
		{8D23DAB1-A660-48C2-8F24-9D90D26C04B4} = {341129F7-746A-4C09-90E6-4C76D812F463}
		{CE565BDF-FCEE-42D9-967C-F3D45EBE73B2} = {341129F7-746A-4C09-90E6-4C76D812F463}
		{4880E91D-C0C5-42FF-B344-96D40AE4E9C3} = {341129F7-746A-4C09-90E6-4C76D812F463}
		{52ED8269-0120-4A4E-B61A-CB7B3CC861AF} = {C65B0AF6-50E5-4CC4-B87A-F620B88F0A8F}
	EndGlobalSection
	GlobalSection(ExtensibilityGlobals) = postSolution
		SolutionGuid = {65D72384-F17B-4AFF-9FF1-9267E7BD3F9D}
	EndGlobalSection
EndGlobal
